
Microsoft Visual Studio Solution File, Format Version 12.00
# Visual Studio Version 17
VisualStudioVersion = 17.8.34330.188
MinimumVisualStudioVersion = 10.0.40219.1
Project("{FAE04EC0-301F-11D3-BF4B-00C04F79EFBC}") = "HappyCompany.Api", "HappyCompany.Api\HappyCompany.Api.csproj", "{BA2EE9E5-8658-4201-B687-8989B14F824A}"
EndProject
Project("{2150E333-8FDC-42A3-9474-1A3956D46DE8}") = "Modules", "Modules", "{4FD3285F-0067-4FA4-AD92-CF70B20879F2}"
EndProject
Project("{2150E333-8FDC-42A3-9474-1A3956D46DE8}") = "Tests", "Tests", "{3AD33B41-D69B-413F-9975-0040DC81CCA4}"
EndProject
Project("{FAE04EC0-301F-11D3-BF4B-00C04F79EFBC}") = "HappyCompany.App", "Modules\HappyCompany.App\HappyCompany.App.csproj", "{BD8B3C5B-8E7D-41F6-A53A-45F0939A564B}"
EndProject
Project("{FAE04EC0-301F-11D3-BF4B-00C04F79EFBC}") = "HappyCompany.Context", "Modules\HappyCompany.Context\HappyCompany.Context.csproj", "{FE53897D-7435-4F02-94E4-4A1C90DC2ADF}"
EndProject
Project("{FAE04EC0-301F-11D3-BF4B-00C04F79EFBC}") = "HappyCompany.Abstraction", "Modules\HappyCompany.Abstraction\HappyCompany.Abstraction.csproj", "{EE4503F1-1629-4C63-9237-FB5B2AAA06CA}"
EndProject
Project("{FAE04EC0-301F-11D3-BF4B-00C04F79EFBC}") = "HappyCompany.App.XUnit", "Modules\Tests\HappyCompany.App.XUnit\HappyCompany.App.XUnit.csproj", "{BD830C00-EE70-4986-B0E8-5E817E07A66E}"
EndProject
Global
	GlobalSection(SolutionConfigurationPlatforms) = preSolution
		Debug|Any CPU = Debug|Any CPU
		Release|Any CPU = Release|Any CPU
	EndGlobalSection
	GlobalSection(ProjectConfigurationPlatforms) = postSolution
		{BA2EE9E5-8658-4201-B687-8989B14F824A}.Debug|Any CPU.ActiveCfg = Debug|Any CPU
		{BA2EE9E5-8658-4201-B687-8989B14F824A}.Debug|Any CPU.Build.0 = Debug|Any CPU
		{BA2EE9E5-8658-4201-B687-8989B14F824A}.Release|Any CPU.ActiveCfg = Release|Any CPU
		{BA2EE9E5-8658-4201-B687-8989B14F824A}.Release|Any CPU.Build.0 = Release|Any CPU
		{BD8B3C5B-8E7D-41F6-A53A-45F0939A564B}.Debug|Any CPU.ActiveCfg = Debug|Any CPU
		{BD8B3C5B-8E7D-41F6-A53A-45F0939A564B}.Debug|Any CPU.Build.0 = Debug|Any CPU
		{BD8B3C5B-8E7D-41F6-A53A-45F0939A564B}.Release|Any CPU.ActiveCfg = Release|Any CPU
		{BD8B3C5B-8E7D-41F6-A53A-45F0939A564B}.Release|Any CPU.Build.0 = Release|Any CPU
		{FE53897D-7435-4F02-94E4-4A1C90DC2ADF}.Debug|Any CPU.ActiveCfg = Debug|Any CPU
		{FE53897D-7435-4F02-94E4-4A1C90DC2ADF}.Debug|Any CPU.Build.0 = Debug|Any CPU
		{FE53897D-7435-4F02-94E4-4A1C90DC2ADF}.Release|Any CPU.ActiveCfg = Release|Any CPU
		{FE53897D-7435-4F02-94E4-4A1C90DC2ADF}.Release|Any CPU.Build.0 = Release|Any CPU
		{EE4503F1-1629-4C63-9237-FB5B2AAA06CA}.Debug|Any CPU.ActiveCfg = Debug|Any CPU
		{EE4503F1-1629-4C63-9237-FB5B2AAA06CA}.Debug|Any CPU.Build.0 = Debug|Any CPU
		{EE4503F1-1629-4C63-9237-FB5B2AAA06CA}.Release|Any CPU.ActiveCfg = Release|Any CPU
		{EE4503F1-1629-4C63-9237-FB5B2AAA06CA}.Release|Any CPU.Build.0 = Release|Any CPU
		{BD830C00-EE70-4986-B0E8-5E817E07A66E}.Debug|Any CPU.ActiveCfg = Debug|Any CPU
		{BD830C00-EE70-4986-B0E8-5E817E07A66E}.Debug|Any CPU.Build.0 = Debug|Any CPU
		{BD830C00-EE70-4986-B0E8-5E817E07A66E}.Release|Any CPU.ActiveCfg = Release|Any CPU
		{BD830C00-EE70-4986-B0E8-5E817E07A66E}.Release|Any CPU.Build.0 = Release|Any CPU
	EndGlobalSection
	GlobalSection(SolutionProperties) = preSolution
		HideSolutionNode = FALSE
	EndGlobalSection
	GlobalSection(NestedProjects) = preSolution
		{3AD33B41-D69B-413F-9975-0040DC81CCA4} = {4FD3285F-0067-4FA4-AD92-CF70B20879F2}
		{BD8B3C5B-8E7D-41F6-A53A-45F0939A564B} = {4FD3285F-0067-4FA4-AD92-CF70B20879F2}
		{FE53897D-7435-4F02-94E4-4A1C90DC2ADF} = {4FD3285F-0067-4FA4-AD92-CF70B20879F2}
		{EE4503F1-1629-4C63-9237-FB5B2AAA06CA} = {4FD3285F-0067-4FA4-AD92-CF70B20879F2}
		{BD830C00-EE70-4986-B0E8-5E817E07A66E} = {3AD33B41-D69B-413F-9975-0040DC81CCA4}
	EndGlobalSection
	GlobalSection(ExtensibilityGlobals) = postSolution
		SolutionGuid = {0086C026-4C35-4C36-81B7-53446C7BD4F3}
	EndGlobalSection
EndGlobal
